version: 1
status: verified
generated_at: '2026-09-21T12:12:12.976749Z'
tools:
  forge:
    binary: /home/lovisticsdev/.foundry/versions/foundry-rs/foundry/v1.8.3/forge
    version: 'forge Version: 1.8.3

      Commit SHA: cae51ad458f6abb64852b7709eb784352429825d

      Build Timestamp: 2026-09-15T10:46:16.519267388Z (1789469176)

      Build Profile: dist'
    probe_output: 'forge Version: 1.8.3

      Commit SHA: cae51ad458f6abb64852b7709eb784352429825d

      Build Timestamp: 2026-09-15T10:46:16.519267388Z (1789469176)

      Build Profile: dist'
    sha256: deb412a722e873e11e60051deb9d403b584a2d7e49d8b9ee68441edfea215e9c
  anvil:
    binary: /home/lovisticsdev/.foundry/versions/foundry-rs/foundry/v1.8.3/anvil
    version: 'anvil Version: 1.8.3

      Commit SHA: cae51ad458f6abb64852b7709eb784352429825d

      Build Timestamp: 2026-09-15T10:46:16.519267388Z (1789469176)

      Build Profile: dist'
    probe_output: 'anvil Version: 1.8.3

      Commit SHA: cae51ad458f6abb64852b7709eb784352429825d

      Build Timestamp: 2026-09-15T10:46:16.519267388Z (1789469176)

      Build Profile: dist'
    sha256: 674a06c97a01350cd00241762bbfb01ebcafce9b6e8cbd6c8758ecea6ef4b968
  cast:
    binary: /home/lovisticsdev/.foundry/versions/foundry-rs/foundry/v1.8.3/cast
    version: 'cast Version: 1.8.3

      Commit SHA: cae51ad458f6abb64852b7709eb784352429825d

      Build Timestamp: 2026-09-15T10:46:16.519267388Z (1789469176)

      Build Profile: dist'
    probe_output: 'cast Version: 1.8.3

      Commit SHA: cae51ad458f6abb64852b7709eb784352429825d

      Build Timestamp: 2026-09-15T10:46:16.519267388Z (1789469176)

      Build Profile: dist'
    sha256: 1412cb2374f68032ce2c73a3fcb04e0e02a8d2b1744c160456ce513bdb2416da
  slither:
    binary: /home/lovisticsdev/.local/share/uv/tools/slither-analyzer/bin/slither
    version: 0.11.6
    probe_output: 0.11.6
    sha256: 1818a11d47b1bb13f22fc412639258b4bdf21aa76d71b614379d3b5b80985447
  aderyn:
    binary: /home/lovisticsdev/.cargo/bin/aderyn
    version: aderyn 0.6.8
    probe_output: aderyn 0.6.8
    sha256: a268d616826901e17717b1bc6368d8b2c063045a46fb99a0c0f657f102d977ca
  medusa:
    binary: /home/lovisticsdev/go/bin/medusa
    version: medusa version 1.5.1
    probe_output: medusa version 1.5.1
    sha256: 64e5cd5fe65e50e5b5f0826b73eec5919cd04e9c2a79174e37d39d5afb3174a7
  echidna:
    binary: /home/lovisticsdev/.local/bin/echidna
    version: Echidna 2.3.3
    probe_output: Echidna 2.3.3
    sha256: 63cc4adedbee09b0a71b41d3caed5772fdab79c05a0c8f38bd7738f07fb395da
  halmos:
    binary: /home/lovisticsdev/.local/share/uv/tools/halmos/bin/halmos
    version: halmos 0.3.3
    probe_output: halmos 0.3.3
    sha256: d353a9a9b150fe8cf0b1911866d393b34aeb7cdd67aaa27401d3b3c9e255c3c9
  solc-select:
    binary: /home/lovisticsdev/.local/share/uv/tools/solc-select/bin/solc-select
    version: 1.2.0
    probe_output: No solc version installed. Run `solc-select install --help` for
      more information
    sha256: 761dc074b4551f8a253ecc93efb149d7fa926e8030cb531cedd0632675bd1070
